
Microsoft Visual Studio Solution File, Format Version 12.00
# Visual Studio 2012
Project("{FAE04EC0-301F-11D3-BF4B-00C04F79EFBC}") = "SenPuzzle", "SenPuzzle\SenPuzzle.csproj", "{D660BE19-6A85-42D6-8425-92B305E248B9}"
EndProject
Project("{FAE04EC0-301F-11D3-BF4B-00C04F79EFBC}") = "SenPuzzle.iOS", "iOS\SenPuzzle.iOS.csproj", "{4FF5FFE0-ACA9-49F7-B0F9-7059C12FA66F}"
EndProject
Project("{FAE04EC0-301F-11D3-BF4B-00C04F79EFBC}") = "SenPuzzle.Droid", "Droid\SenPuzzle.Droid.csproj", "{53E064D6-2076-4B2F-BA56-D0B1D063E6DF}"
EndProject
Global
	GlobalSection(SolutionConfigurationPlatforms) = preSolution
		Debug|Any CPU = Debug|Any CPU
		Release|Any CPU = Release|Any CPU
		Debug|iPhoneSimulator = Debug|iPhoneSimulator
		Release|iPhone = Release|iPhone
		Release|iPhoneSimulator = Release|iPhoneSimulator
		Debug|iPhone = Debug|iPhone
	EndGlobalSection
	GlobalSection(ProjectConfigurationPlatforms) = postSolution
		{D660BE19-6A85-42D6-8425-92B305E248B9}.Debug|Any CPU.ActiveCfg = Debug|Any CPU
		{D660BE19-6A85-42D6-8425-92B305E248B9}.Debug|Any CPU.Build.0 = Debug|Any CPU
		{D660BE19-6A85-42D6-8425-92B305E248B9}.Release|Any CPU.ActiveCfg = Release|Any CPU
		{D660BE19-6A85-42D6-8425-92B305E248B9}.Release|Any CPU.Build.0 = Release|Any CPU
		{D660BE19-6A85-42D6-8425-92B305E248B9}.Debug|iPhoneSimulator.ActiveCfg = Debug|Any CPU
		{D660BE19-6A85-42D6-8425-92B305E248B9}.Debug|iPhoneSimulator.Build.0 = Debug|Any CPU
		{D660BE19-6A85-42D6-8425-92B305E248B9}.Release|iPhone.ActiveCfg = Release|Any CPU
		{D660BE19-6A85-42D6-8425-92B305E248B9}.Release|iPhone.Build.0 = Release|Any CPU
		{D660BE19-6A85-42D6-8425-92B305E248B9}.Release|iPhoneSimulator.ActiveCfg = Release|Any CPU
		{D660BE19-6A85-42D6-8425-92B305E248B9}.Release|iPhoneSimulator.Build.0 = Release|Any CPU
		{D660BE19-6A85-42D6-8425-92B305E248B9}.Debug|iPhone.ActiveCfg = Debug|Any CPU
		{D660BE19-6A85-42D6-8425-92B305E248B9}.Debug|iPhone.Build.0 = Debug|Any CPU
		{4FF5FFE0-ACA9-49F7-B0F9-7059C12FA66F}.Debug|Any CPU.ActiveCfg = Debug|iPhoneSimulator
		{4FF5FFE0-ACA9-49F7-B0F9-7059C12FA66F}.Debug|Any CPU.Build.0 = Debug|iPhoneSimulator
		{4FF5FFE0-ACA9-49F7-B0F9-7059C12FA66F}.Release|Any CPU.ActiveCfg = Release|iPhone
		{4FF5FFE0-ACA9-49F7-B0F9-7059C12FA66F}.Release|Any CPU.Build.0 = Release|iPhone
		{4FF5FFE0-ACA9-49F7-B0F9-7059C12FA66F}.Debug|iPhoneSimulator.ActiveCfg = Debug|iPhoneSimulator
		{4FF5FFE0-ACA9-49F7-B0F9-7059C12FA66F}.Debug|iPhoneSimulator.Build.0 = Debug|iPhoneSimulator
		{4FF5FFE0-ACA9-49F7-B0F9-7059C12FA66F}.Release|iPhone.ActiveCfg = Release|iPhone
		{4FF5FFE0-ACA9-49F7-B0F9-7059C12FA66F}.Release|iPhone.Build.0 = Release|iPhone
		{4FF5FFE0-ACA9-49F7-B0F9-7059C12FA66F}.Release|iPhoneSimulator.ActiveCfg = Release|iPhoneSimulator
		{4FF5FFE0-ACA9-49F7-B0F9-7059C12FA66F}.Release|iPhoneSimulator.Build.0 = Release|iPhoneSimulator
		{4FF5FFE0-ACA9-49F7-B0F9-7059C12FA66F}.Debug|iPhone.ActiveCfg = Debug|iPhone
		{4FF5FFE0-ACA9-49F7-B0F9-7059C12FA66F}.Debug|iPhone.Build.0 = Debug|iPhone
		{53E064D6-2076-4B2F-BA56-D0B1D063E6DF}.Debug|Any CPU.ActiveCfg = Debug|Any CPU
		{53E064D6-2076-4B2F-BA56-D0B1D063E6DF}.Debug|Any CPU.Build.0 = Debug|Any CPU
		{53E064D6-2076-4B2F-BA56-D0B1D063E6DF}.Release|Any CPU.ActiveCfg = Release|Any CPU
		{53E064D6-2076-4B2F-BA56-D0B1D063E6DF}.Release|Any CPU.Build.0 = Release|Any CPU
		{53E064D6-2076-4B2F-BA56-D0B1D063E6DF}.Debug|iPhoneSimulator.ActiveCfg = Debug|Any CPU
		{53E064D6-2076-4B2F-BA56-D0B1D063E6DF}.Debug|iPhoneSimulator.Build.0 = Debug|Any CPU
		{53E064D6-2076-4B2F-BA56-D0B1D063E6DF}.Release|iPhone.ActiveCfg = Release|Any CPU
		{53E064D6-2076-4B2F-BA56-D0B1D063E6DF}.Release|iPhone.Build.0 = Release|Any CPU
		{53E064D6-2076-4B2F-BA56-D0B1D063E6DF}.Release|iPhoneSimulator.ActiveCfg = Release|Any CPU
		{53E064D6-2076-4B2F-BA56-D0B1D063E6DF}.Release|iPhoneSimulator.Build.0 = Release|Any CPU
		{53E064D6-2076-4B2F-BA56-D0B1D063E6DF}.Debug|iPhone.ActiveCfg = Debug|Any CPU
		{53E064D6-2076-4B2F-BA56-D0B1D063E6DF}.Debug|iPhone.Build.0 = Debug|Any CPU
	EndGlobalSection
EndGlobal
